// !$*UTF8*$!
{
	archiveVersion = 1;
	classes = {
	};
	objectVersion = 50;
	objects = {

/* Begin PBXBuildFile section */
		AC3B866126190539006FB64F /* PlaygroundOTPApp.swift in Sources */ = {isa = PBXBuildFile; fileRef = AC3B864E26190538006FB64F /* PlaygroundOTPApp.swift */; };
		AC3B866226190539006FB64F /* PlaygroundOTPApp.swift in Sources */ = {isa = PBXBuildFile; fileRef = AC3B864E26190538006FB64F /* PlaygroundOTPApp.swift */; };
		AC3B866326190539006FB64F /* ContentView.swift in Sources */ = {isa = PBXBuildFile; fileRef = AC3B864F26190538006FB64F /* ContentView.swift */; };
		AC3B866426190539006FB64F /* ContentView.swift in Sources */ = {isa = PBXBuildFile; fileRef = AC3B864F26190538006FB64F /* ContentView.swift */; };
		AC3B866526190539006FB64F /* Assets.xcassets in Resources */ = {isa = PBXBuildFile; fileRef = AC3B865026190539006FB64F /* Assets.xcassets */; };
		AC3B866626190539006FB64F /* Assets.xcassets in Resources */ = {isa = PBXBuildFile; fileRef = AC3B865026190539006FB64F /* Assets.xcassets */; };
/* End PBXBuildFile section */

/* Begin PBXFileReference section */
		AC3B864E26190538006FB64F /* PlaygroundOTPApp.swift */ = {isa = PBXFileReference; lastKnownFileType = sourcecode.swift; path = PlaygroundOTPApp.swift; sourceTree = "<group>"; };
		AC3B864F26190538006FB64F /* ContentView.swift */ = {isa = PBXFileReference; lastKnownFileType = sourcecode.swift; path = ContentView.swift; sourceTree = "<group>"; };
		AC3B865026190539006FB64F /* Assets.xcassets */ = {isa = PBXFileReference; lastKnownFileType = folder.assetcatalog; path = Assets.xcassets; sourceTree = "<group>"; };
		AC3B865526190539006FB64F /* PlaygroundOTP.app */ = {isa = PBXFileReference; explicitFileType = wrapper.application; includeInIndex = 0; path = PlaygroundOTP.app; sourceTree = BUILT_PRODUCTS_DIR; };
		AC3B865826190539006FB64F /* Info.plist */ = {isa = PBXFileReference; lastKnownFileType = text.plist.xml; path = Info.plist; sourceTree = "<group>"; };
		AC3B865D26190539006FB64F /* PlaygroundOTP.app */ = {isa = PBXFileReference; explicitFileType = wrapper.application; includeInIndex = 0; path = PlaygroundOTP.app; sourceTree = BUILT_PRODUCTS_DIR; };
		AC3B865F26190539006FB64F /* Info.plist */ = {isa = PBXFileReference; lastKnownFileType = text.plist.xml; path = Info.plist; sourceTree = "<group>"; };
		AC3B866026190539006FB64F /* macOS.entitlements */ = {isa = PBXFileReference; lastKnownFileType = text.plist.entitlements; path = macOS.entitlements; sourceTree = "<group>"; };
/* End PBXFileReference section */

/* Begin PBXFrameworksBuildPhase section */
		AC3B865226190539006FB64F /* Frameworks */ = {
			isa = PBXFrameworksBuildPhase;
			buildActionMask = 2147483647;
			files = (
			);
			runOnlyForDeploymentPostprocessing = 0;
		};
		AC3B865A26190539006FB64F /* Frameworks */ = {
			isa = PBXFrameworksBuildPhase;
			buildActionMask = 2147483647;
			files = (
			);
			runOnlyForDeploymentPostprocessing = 0;
		};
/* End PBXFrameworksBuildPhase section */

/* Begin PBXGroup section */
		AC3B864826190538006FB64F = {
			isa = PBXGroup;
			children = (
				AC3B864D26190538006FB64F /* Shared */,
				AC3B865726190539006FB64F /* iOS */,
				AC3B865E26190539006FB64F /* macOS */,
				AC3B865626190539006FB64F /* Products */,
			);
			sourceTree = "<group>";
		};
		AC3B864D26190538006FB64F /* Shared */ = {
			isa = PBXGroup;
			children = (
				AC3B864E26190538006FB64F /* PlaygroundOTPApp.swift */,
				AC3B864F26190538006FB64F /* ContentView.swift */,
				AC3B865026190539006FB64F /* Assets.xcassets */,
			);
			path = Shared;
			sourceTree = "<group>";
		};
		AC3B865626190539006FB64F /* Products */ = {
			isa = PBXGroup;
			children = (
				AC3B865526190539006FB64F /* PlaygroundOTP.app */,
				AC3B865D26190539006FB64F /* PlaygroundOTP.app */,
			);
			name = Products;
			sourceTree = "<group>";
		};
		AC3B865726190539006FB64F /* iOS */ = {
			isa = PBXGroup;
			children = (
				AC3B865826190539006FB64F /* Info.plist */,
			);
			path = iOS;
			sourceTree = "<group>";
		};
		AC3B865E26190539006FB64F /* macOS */ = {
			isa = PBXGroup;
			children = (
				AC3B865F26190539006FB64F /* Info.plist */,
				AC3B866026190539006FB64F /* macOS.entitlements */,
			);
			path = macOS;
			sourceTree = "<group>";
		};
/* End PBXGroup section */

/* Begin PBXNativeTarget section */
		AC3B865426190539006FB64F /* PlaygroundOTP (iOS) */ = {
			isa = PBXNativeTarget;
			buildConfigurationList = AC3B866926190539006FB64F /* Build configuration list for PBXNativeTarget "PlaygroundOTP (iOS)" */;
			buildPhases = (
				AC3B865126190539006FB64F /* Sources */,
				AC3B865226190539006FB64F /* Frameworks */,
				AC3B865326190539006FB64F /* Resources */,
			);
			buildRules = (
			);
			dependencies = (
			);
			name = "PlaygroundOTP (iOS)";
			productName = "PlaygroundOTP (iOS)";
			productReference = AC3B865526190539006FB64F /* PlaygroundOTP.app */;
			productType = "com.apple.product-type.application";
		};
		AC3B865C26190539006FB64F /* PlaygroundOTP (macOS) */ = {
			isa = PBXNativeTarget;
			buildConfigurationList = AC3B866C26190539006FB64F /* Build configuration list for PBXNativeTarget "PlaygroundOTP (macOS)" */;
			buildPhases = (
				AC3B865926190539006FB64F /* Sources */,
				AC3B865A26190539006FB64F /* Frameworks */,
				AC3B865B26190539006FB64F /* Resources */,
			);
			buildRules = (
			);
			dependencies = (
			);
			name = "PlaygroundOTP (macOS)";
			productName = "PlaygroundOTP (macOS)";
			productReference = AC3B865D26190539006FB64F /* PlaygroundOTP.app */;
			productType = "com.apple.product-type.application";
		};
/* End PBXNativeTarget section */

/* Begin PBXProject section */
		AC3B864926190538006FB64F /* Project object */ = {
			isa = PBXProject;
			attributes = {
				LastSwiftUpdateCheck = 1240;
				LastUpgradeCheck = 1240;
				TargetAttributes = {
					AC3B865426190539006FB64F = {
						CreatedOnToolsVersion = 12.4;
					};
					AC3B865C26190539006FB64F = {
						CreatedOnToolsVersion = 12.4;
					};
				};
			};
			buildConfigurationList = AC3B864C26190538006FB64F /* Build configuration list for PBXProject "PlaygroundOTP" */;
			compatibilityVersion = "Xcode 9.3";
			developmentRegion = en;
			hasScannedForEncodings = 0;
			knownRegions = (
				en,
				Base,
			);
			mainGroup = AC3B864826190538006FB64F;
			productRefGroup = AC3B865626190539006FB64F /* Products */;
			projectDirPath = "";
			projectRoot = "";
			targets = (
				AC3B865426190539006FB64F /* PlaygroundOTP (iOS) */,
				AC3B865C26190539006FB64F /* PlaygroundOTP (macOS) */,
			);
		};
/* End PBXProject section */

/* Begin PBXResourcesBuildPhase section */
		AC3B865326190539006FB64F /* Resources */ = {
			isa = PBXResourcesBuildPhase;
			buildActionMask = 2147483647;
			files = (
				AC3B866526190539006FB64F /* Assets.xcassets in Resources */,
			);
			runOnlyForDeploymentPostprocessing = 0;
		};
		AC3B865B26190539006FB64F /* Resources */ = {
			isa = PBXResourcesBuildPhase;
			buildActionMask = 2147483647;
			files = (
				AC3B866626190539006FB64F /* Assets.xcassets in Resources */,
			);
			runOnlyForDeploymentPostprocessing = 0;
		};
/* End PBXResourcesBuildPhase section */

/* Begin PBXSourcesBuildPhase section */
		AC3B865126190539006FB64F /* Sources */ = {
			isa = PBXSourcesBuildPhase;
			buildActionMask = 2147483647;
			files = (
				AC3B866326190539006FB64F /* ContentView.swift in Sources */,
				AC3B866126190539006FB64F /* PlaygroundOTPApp.swift in Sources */,
			);
			runOnlyForDeploymentPostprocessing = 0;
		};
		AC3B865926190539006FB64F /* Sources */ = {
			isa = PBXSourcesBuildPhase;
			buildActionMask = 2147483647;
			files = (
				AC3B866426190539006FB64F /* ContentView.swift in Sources */,
				AC3B866226190539006FB64F /* PlaygroundOTPApp.swift in Sources */,
			);
			runOnlyForDeploymentPostprocessing = 0;
		};
/* End PBXSourcesBuildPhase section */

/* Begin XCBuildConfiguration section */
		AC3B866726190539006FB64F /* Debug */ = {
			isa = XCBuildConfiguration;
			buildSettings = {
				ALWAYS_SEARCH_USER_PATHS = NO;
				CLANG_ANALYZER_NONNULL = YES;
				CLANG_ANALYZER_NUMBER_OBJECT_CONVERSION = YES_AGGRESSIVE;
				CLANG_CXX_LANGUAGE_STANDARD = "gnu++14";
				CLANG_CXX_LIBRARY = "libc++";
				CLANG_ENABLE_MODULES = YES;
				CLANG_ENABLE_OBJC_ARC = YES;
				CLANG_ENABLE_OBJC_WEAK = YES;
				CLANG_WARN_BLOCK_CAPTURE_AUTORELEASING = YES;
				CLANG_WARN_BOOL_CONVERSION = YES;
				CLANG_WARN_COMMA = YES;
				CLANG_WARN_CONSTANT_CONVERSION = YES;
				CLANG_WARN_DEPRECATED_OBJC_IMPLEMENTATIONS = YES;
				CLANG_WARN_DIRECT_OBJC_ISA_USAGE = YES_ERROR;
				CLANG_WARN_DOCUMENTATION_COMMENTS = YES;
				CLANG_WARN_EMPTY_BODY = YES;
				CLANG_WARN_ENUM_CONVERSION = YES;
				CLANG_WARN_INFINITE_RECURSION = YES;
				CLANG_WARN_INT_CONVERSION = YES;
				CLANG_WARN_NON_LITERAL_NULL_CONVERSION = YES;
				CLANG_WARN_OBJC_IMPLICIT_RETAIN_SELF = YES;
				CLANG_WARN_OBJC_LITERAL_CONVERSION = YES;
				CLANG_WARN_OBJC_ROOT_CLASS = YES_ERROR;
				CLANG_WARN_QUOTED_INCLUDE_IN_FRAMEWORK_HEADER = YES;
				CLANG_WARN_RANGE_LOOP_ANALYSIS = YES;
				CLANG_WARN_STRICT_PROTOTYPES = YES;
				CLANG_WARN_SUSPICIOUS_MOVE = YES;
				CLANG_WARN_UNGUARDED_AVAILABILITY = YES_AGGRESSIVE;
				CLANG_WARN_UNREACHABLE_CODE = YES;
				CLANG_WARN__DUPLICATE_METHOD_MATCH = YES;
				COPY_PHASE_STRIP = NO;
				DEBUG_INFORMATION_FORMAT = dwarf;
				ENABLE_STRICT_OBJC_MSGSEND = YES;
				ENABLE_TESTABILITY = YES;
				GCC_C_LANGUAGE_STANDARD = gnu11;
				GCC_DYNAMIC_NO_PIC = NO;
				GCC_NO_COMMON_BLOCKS = YES;
				GCC_OPTIMIZATION_LEVEL = 0;
				GCC_PREPROCESSOR_DEFINITIONS = (
					"DEBUG=1",
					"$(inherited)",
				);
				GCC_WARN_64_TO_32_BIT_CONVERSION = YES;
				GCC_WARN_ABOUT_RETURN_TYPE = YES_ERROR;
				GCC_WARN_UNDECLARED_SELECTOR = YES;
				GCC_WARN_UNINITIALIZED_AUTOS = YES_AGGRESSIVE;
				GCC_WARN_UNUSED_FUNCTION = YES;
				GCC_WARN_UNUSED_VARIABLE = YES;
				MTL_ENABLE_DEBUG_INFO = INCLUDE_SOURCE;
				MTL_FAST_MATH = YES;
				ONLY_ACTIVE_ARCH = YES;
				SWIFT_ACTIVE_COMPILATION_CONDITIONS = DEBUG;
				SWIFT_OPTIMIZATION_LEVEL = "-Onone";
			};
			name = Debug;
		};
		AC3B866826190539006FB64F /* Release */ = {
			isa = XCBuildConfiguration;
			buildSettings = {
				ALWAYS_SEARCH_USER_PATHS = NO;
				CLANG_ANALYZER_NONNULL = YES;
				CLANG_ANALYZER_NUMBER_OBJECT_CONVERSION = YES_AGGRESSIVE;
				CLANG_CXX_LANGUAGE_STANDARD = "gnu++14";
				CLANG_CXX_LIBRARY = "libc++";
				CLANG_ENABLE_MODULES = YES;
				CLANG_ENABLE_OBJC_ARC = YES;
				CLANG_ENABLE_OBJC_WEAK = YES;
				CLANG_WARN_BLOCK_CAPTURE_AUTORELEASING = YES;
				CLANG_WARN_BOOL_CONVERSION = YES;
				CLANG_WARN_COMMA = YES;
				CLANG_WARN_CONSTANT_CONVERSION = YES;
				CLANG_WARN_DEPRECATED_OBJC_IMPLEMENTATIONS = YES;
				CLANG_WARN_DIRECT_OBJC_ISA_USAGE = YES_ERROR;
				CLANG_WARN_DOCUMENTATION_COMMENTS = YES;
				CLANG_WARN_EMPTY_BODY = YES;
				CLANG_WARN_ENUM_CONVERSION = YES;
				CLANG_WARN_INFINITE_RECURSION = YES;
				CLANG_WARN_INT_CONVERSION = YES;
				CLANG_WARN_NON_LITERAL_NULL_CONVERSION = YES;
				CLANG_WARN_OBJC_IMPLICIT_RETAIN_SELF = YES;
				CLANG_WARN_OBJC_LITERAL_CONVERSION = YES;
				CLANG_WARN_OBJC_ROOT_CLASS = YES_ERROR;
				CLANG_WARN_QUOTED_INCLUDE_IN_FRAMEWORK_HEADER = YES;
				CLANG_WARN_RANGE_LOOP_ANALYSIS = YES;
				CLANG_WARN_STRICT_PROTOTYPES = YES;
				CLANG_WARN_SUSPICIOUS_MOVE = YES;
				CLANG_WARN_UNGUARDED_AVAILABILITY = YES_AGGRESSIVE;
				CLANG_WARN_UNREACHABLE_CODE = YES;
				CLANG_WARN__DUPLICATE_METHOD_MATCH = YES;
				COPY_PHASE_STRIP = NO;
				DEBUG_INFORMATION_FORMAT = "dwarf-with-dsym";
				ENABLE_NS_ASSERTIONS = NO;
				ENABLE_STRICT_OBJC_MSGSEND = YES;
				GCC_C_LANGUAGE_STANDARD = gnu11;
				GCC_NO_COMMON_BLOCKS = YES;
				GCC_WARN_64_TO_32_BIT_CONVERSION = YES;
				GCC_WARN_ABOUT_RETURN_TYPE = YES_ERROR;
				GCC_WARN_UNDECLARED_SELECTOR = YES;
				GCC_WARN_UNINITIALIZED_AUTOS = YES_AGGRESSIVE;
				GCC_WARN_UNUSED_FUNCTION = YES;
				GCC_WARN_UNUSED_VARIABLE = YES;
				MTL_ENABLE_DEBUG_INFO = NO;
				MTL_FAST_MATH = YES;
				SWIFT_COMPILATION_MODE = wholemodule;
				SWIFT_OPTIMIZATION_LEVEL = "-O";
			};
			name = Release;
		};
		AC3B866A26190539006FB64F /* Debug */ = {
			isa = XCBuildConfiguration;
			buildSettings = {
				ASSETCATALOG_COMPILER_APPICON_NAME = AppIcon;
				ASSETCATALOG_COMPILER_GLOBAL_ACCENT_COLOR_NAME = AccentColor;
				CODE_SIGN_STYLE = Automatic;
				ENABLE_PREVIEWS = YES;
				INFOPLIST_FILE = iOS/Info.plist;
				IPHONEOS_DEPLOYMENT_TARGET = 14.0;
				LD_RUNPATH_SEARCH_PATHS = (
					"$(inherited)",
					"@executable_path/Frameworks",
				);
				PRODUCT_BUNDLE_IDENTIFIER = me.aspenuwu.PlaygroundOTP;
				PRODUCT_NAME = PlaygroundOTP;
				SDKROOT = iphoneos;
				SWIFT_VERSION = 5.0;
				TARGETED_DEVICE_FAMILY = "1,2";
			};
			name = Debug;
		};
		AC3B866B26190539006FB64F /* Release */ = {
			isa = XCBuildConfiguration;
			buildSettings = {
				ASSETCATALOG_COMPILER_APPICON_NAME = AppIcon;
				ASSETCATALOG_COMPILER_GLOBAL_ACCENT_COLOR_NAME = AccentColor;
				CODE_SIGN_STYLE = Automatic;
				ENABLE_PREVIEWS = YES;
				INFOPLIST_FILE = iOS/Info.plist;
				IPHONEOS_DEPLOYMENT_TARGET = 14.0;
				LD_RUNPATH_SEARCH_PATHS = (
					"$(inherited)",
					"@executable_path/Frameworks",
				);
				PRODUCT_BUNDLE_IDENTIFIER = me.aspenuwu.PlaygroundOTP;
				PRODUCT_NAME = PlaygroundOTP;
				SDKROOT = iphoneos;
				SWIFT_VERSION = 5.0;
				TARGETED_DEVICE_FAMILY = "1,2";
				VALIDATE_PRODUCT = YES;
			};
			name = Release;
		};
		AC3B866D26190539006FB64F /* Debug */ = {
			isa = XCBuildConfiguration;
			buildSettings = {
				ASSETCATALOG_COMPILER_APPICON_NAME = AppIcon;
				ASSETCATALOG_COMPILER_GLOBAL_ACCENT_COLOR_NAME = AccentColor;
				CODE_SIGN_ENTITLEMENTS = macOS/macOS.entitlements;
				CODE_SIGN_STYLE = Automatic;
				COMBINE_HIDPI_IMAGES = YES;
				ENABLE_PREVIEWS = YES;
				INFOPLIST_FILE = macOS/Info.plist;
				LD_RUNPATH_SEARCH_PATHS = (
					"$(inherited)",
					"@executable_path/../Frameworks",
				);
				MACOSX_DEPLOYMENT_TARGET = 11.0;
				PRODUCT_BUNDLE_IDENTIFIER = me.aspenuwu.PlaygroundOTP;
				PRODUCT_NAME = PlaygroundOTP;
				SDKROOT = macosx;
				SWIFT_VERSION = 5.0;
			};
			name = Debug;
		};
		AC3B866E26190539006FB64F /* Release */ = {
			isa = XCBuildConfiguration;
			buildSettings = {
				ASSETCATALOG_COMPILER_APPICON_NAME = AppIcon;
				ASSETCATALOG_COMPILER_GLOBAL_ACCENT_COLOR_NAME = AccentColor;
				CODE_SIGN_ENTITLEMENTS = macOS/macOS.entitlements;
				CODE_SIGN_STYLE = Automatic;
				COMBINE_HIDPI_IMAGES = YES;
				ENABLE_PREVIEWS = YES;
				INFOPLIST_FILE = macOS/Info.plist;
				LD_RUNPATH_SEARCH_PATHS = (
					"$(inherited)",
					"@executable_path/../Frameworks",
				);
				MACOSX_DEPLOYMENT_TARGET = 11.0;
				PRODUCT_BUNDLE_IDENTIFIER = me.aspenuwu.PlaygroundOTP;
				PRODUCT_NAME = PlaygroundOTP;
				SDKROOT = macosx;
				SWIFT_VERSION = 5.0;
			};
			name = Release;
		};
/* End XCBuildConfiguration section */

/* Begin XCConfigurationList section */
		AC3B864C26190538006FB64F /* Build configuration list for PBXProject "PlaygroundOTP" */ = {
			isa = XCConfigurationList;
			buildConfigurations = (
				AC3B866726190539006FB64F /* Debug */,
				AC3B866826190539006FB64F /* Release */,
			);
			defaultConfigurationIsVisible = 0;
			defaultConfigurationName = Release;
		};
		AC3B866926190539006FB64F /* Build configuration list for PBXNativeTarget "PlaygroundOTP (iOS)" */ = {
			isa = XCConfigurationList;
			buildConfigurations = (
				AC3B866A26190539006FB64F /* Debug */,
				AC3B866B26190539006FB64F /* Release */,
			);
			defaultConfigurationIsVisible = 0;
			defaultConfigurationName = Release;
		};
		AC3B866C26190539006FB64F /* Build configuration list for PBXNativeTarget "PlaygroundOTP (macOS)" */ = {
			isa = XCConfigurationList;
			buildConfigurations = (
				AC3B866D26190539006FB64F /* Debug */,
				AC3B866E26190539006FB64F /* Release */,
			);
			defaultConfigurationIsVisible = 0;
			defaultConfigurationName = Release;
		};
/* End XCConfigurationList section */
	};
	rootObject = AC3B864926190538006FB64F /* Project object */;
}
